
Microsoft Visual Studio Solution File, Format Version 12.00
# Visual Studio Version 16
VisualStudioVersion = 16.0.30002.166
MinimumVisualStudioVersion = 10.0.40219.1
Project("{9A19103F-16F7-4668-BE54-9A1E7A4F7556}") = "002 Fahrkartenschalter", "002 Fahrkartenschalter\002 Fahrkartenschalter.csproj", "{D2747007-F346-4BAE-94FE-A3B1EBB3228B}"
EndProject
Project("{9A19103F-16F7-4668-BE54-9A1E7A4F7556}") = "001 Eingabe", "001 Eingabe\001 Eingabe.csproj", "{E1291BD2-9EA0-4F39-882E-7B8CCD422DD7}"
EndProject
Project("{9A19103F-16F7-4668-BE54-9A1E7A4F7556}") = "003 Zahlen quadrieren", "003 Zahlen quadrieren\003 Zahlen quadrieren.csproj", "{1CCD83E4-C514-489A-9168-E0C31DEEA8E8}"
EndProject
Project("{9A19103F-16F7-4668-BE54-9A1E7A4F7556}") = "004 Rechteck berechnen", "004 Rechteck berechnen\004 Rechteck berechnen.csproj", "{AA27EED9-1C63-4371-8398-C3331E27BB9B}"
EndProject
Project("{9A19103F-16F7-4668-BE54-9A1E7A4F7556}") = "005 Kreis berechnen", "005 Kreis berechnen\005 Kreis berechnen.csproj", "{41A8FFB1-043C-4F28-A493-638951FC660C}"
EndProject
Project("{9A19103F-16F7-4668-BE54-9A1E7A4F7556}") = "006 Inhalt Geldbörse berechnen", "006 Inhalt Geldbörse berechnen\006 Inhalt Geldbörse berechnen.csproj", "{DC8703CA-B4AB-40F3-88D7-622DCBCB12BC}"
EndProject
Project("{9A19103F-16F7-4668-BE54-9A1E7A4F7556}") = "007 MwSt berechnen", "007 MwSt berechnen\007 MwSt berechnen.csproj", "{17B6395F-CBA5-42E8-8BE3-20A43FA90529}"
EndProject
Project("{9A19103F-16F7-4668-BE54-9A1E7A4F7556}") = "008 Berechnung Fahrenheit", "008 Berechnung Fahrenheit\008 Berechnung Fahrenheit.csproj", "{738DE0AB-11A5-44C7-86ED-679B7D5D2040}"
EndProject
Project("{9A19103F-16F7-4668-BE54-9A1E7A4F7556}") = "009 quadratische Formel", "009 quadratische Formel\009 quadratische Formel.csproj", "{28910E50-D86B-4B52-9A6F-5A6A791CF849}"
EndProject
Project("{9A19103F-16F7-4668-BE54-9A1E7A4F7556}") = "010 Body Mass Index", "010 Body Mass Index\010 Body Mass Index.csproj", "{F2843D59-1B10-4EA0-8BC8-1F254D17513D}"
EndProject
Project("{9A19103F-16F7-4668-BE54-9A1E7A4F7556}") = "011 Benzinverbrauch", "011 Benzinverbrauch\011 Benzinverbrauch.csproj", "{4DD1030B-8FF4-4A0A-B3C3-EF95DD408C16}"
EndProject
Project("{9A19103F-16F7-4668-BE54-9A1E7A4F7556}") = "012 Verkäufergehalt", "012 Verkäufergehalt\012 Verkäufergehalt.csproj", "{194D08FC-3BDE-40C9-8DE2-C3C8C7E8196D}"
EndProject
Project("{9A19103F-16F7-4668-BE54-9A1E7A4F7556}") = "013 Gehalt", "013 Gehalt\013 Gehalt.csproj", "{A4A85EE7-042C-497F-AE5A-0C9C2860078A}"
EndProject
Project("{9A19103F-16F7-4668-BE54-9A1E7A4F7556}") = "014 Fahrtzeit berechnen", "014 Fahrtzeit berechnen\014 Fahrtzeit berechnen.csproj", "{F142584F-9F36-4D6F-8594-B4F7DE1289CD}"
EndProject
Project("{9A19103F-16F7-4668-BE54-9A1E7A4F7556}") = "015 Kehrwert", "015 Kehrwert\015 Kehrwert.csproj", "{A126FA5E-9BBE-468E-846B-DB95D5771568}"
EndProject
Project("{9A19103F-16F7-4668-BE54-9A1E7A4F7556}") = "016 Mitgliedsbeitrag", "016 Mitgliedsbeitrag\016 Mitgliedsbeitrag.csproj", "{2FF8ECFA-5159-42E6-B77B-E47DE5016ED9}"
EndProject
Project("{9A19103F-16F7-4668-BE54-9A1E7A4F7556}") = "017 Rabatt bei Buchhandlung", "017 Rabatt bei Buchhandlung\017 Rabatt bei Buchhandlung.csproj", "{972DDACC-616D-4867-858E-D0AFE1B9B874}"
EndProject
Project("{9A19103F-16F7-4668-BE54-9A1E7A4F7556}") = "018 Erweiterung Fahrkartenschalter", "018 Erweiterung Fahrkartenschalter\018 Erweiterung Fahrkartenschalter.csproj", "{93963E91-B1BC-4606-8136-9B013BFCF29C}"
EndProject
Project("{9A19103F-16F7-4668-BE54-9A1E7A4F7556}") = "019 Berechnung der Tagnummer", "019 Berechnung der Tagnummer\019 Berechnung der Tagnummer.csproj", "{1756CCFE-2C98-48CD-9F52-6C5E7A4118E6}"
EndProject
Project("{9A19103F-16F7-4668-BE54-9A1E7A4F7556}") = "020 Einkommensteuer berechnen", "020 Einkommensteuer berechnen\020 Einkommensteuer berechnen.csproj", "{72B0FF76-6CB4-4B62-9429-F8CE48AC3E37}"
EndProject
Project("{9A19103F-16F7-4668-BE54-9A1E7A4F7556}") = "021 Gehaltsrechner", "021 Gehaltsrechner\021 Gehaltsrechner.csproj", "{FE9FAD53-F2BF-4A9E-AA7E-DDDDC6638981}"
EndProject
Project("{9A19103F-16F7-4668-BE54-9A1E7A4F7556}") = "022 Seidlrechner", "022 Seidlrechner\022 Seidlrechner.csproj", "{FF7CC90B-A7DC-424D-83D0-CD6244D21BFB}"
EndProject
Project("{9A19103F-16F7-4668-BE54-9A1E7A4F7556}") = "023 Schulnoten", "023 Schulnoten\023 Schulnoten.csproj", "{FA147E2F-D050-44EE-B206-A4A308C1CEE3}"
EndProject
Project("{9A19103F-16F7-4668-BE54-9A1E7A4F7556}") = "024 Umwandlung von Ziffer in Text", "024 Umwandlung von Ziffer in Text\024 Umwandlung von Ziffer in Text.csproj", "{478A6F85-5A3F-434D-A43B-E7D1B9FE9882}"
EndProject
Project("{9A19103F-16F7-4668-BE54-9A1E7A4F7556}") = "025 Berechnung arithmetischer Ausdruck", "025 Berechnung arithmetischer Ausdruck\025 Berechnung arithmetischer Ausdruck.csproj", "{5588E014-AE98-4521-8A29-CD4CEF1D7829}"
EndProject
Project("{9A19103F-16F7-4668-BE54-9A1E7A4F7556}") = "026 Multiplikation und Division", "026 Multiplikation und Division\026 Multiplikation und Division.csproj", "{E6449E45-73B3-4DFC-9F5E-FD2A14D3A381}"
EndProject
Project("{9A19103F-16F7-4668-BE54-9A1E7A4F7556}") = "027 Fakultät", "027 Fakultät\027 Fakultät.csproj", "{E5005996-5C66-462A-A08F-8F34F30084D7}"
EndProject
Project("{9A19103F-16F7-4668-BE54-9A1E7A4F7556}") = "028 Euklid", "028 Euklid\028 Euklid.csproj", "{F1B35E3B-5E0C-42C9-B623-69EB1656D784}"
EndProject
Project("{9A19103F-16F7-4668-BE54-9A1E7A4F7556}") = "029 Collatz Folge", "029 Collatz Folge\029 Collatz Folge.csproj", "{1C7A0F14-5735-42F9-BA37-417D5CCFF26F}"
EndProject
Project("{9A19103F-16F7-4668-BE54-9A1E7A4F7556}") = "030 Bierverkäufer", "030 Bierverkäufer\030 Bierverkäufer.csproj", "{079996B6-9BF4-4553-A786-CD57B0BE0B68}"
EndProject
Project("{9A19103F-16F7-4668-BE54-9A1E7A4F7556}") = "031 Quersumme", "031 Quersumme\031 Quersumme.csproj", "{72A98E6F-06FA-4557-B178-DD2B8793F2F6}"
EndProject
Project("{9A19103F-16F7-4668-BE54-9A1E7A4F7556}") = "032 Binärumrechner", "032 Binärumrechner\032 Binärumrechner.csproj", "{A3BBD8EA-93AF-4C48-8BA9-6F38AF2D7B30}"
EndProject
Project("{9A19103F-16F7-4668-BE54-9A1E7A4F7556}") = "033 Kontotransaktionen", "033 Kontotransaktionen\033 Kontotransaktionen.csproj", "{C474979C-B968-44F0-A105-CEB356588106}"
EndProject
Project("{9A19103F-16F7-4668-BE54-9A1E7A4F7556}") = "034 Summieren und Multiplizieren", "034 Summieren und Multiplizieren\034 Summieren und Multiplizieren.csproj", "{7D728E7E-C838-4FE4-8958-56AFED02278A}"
EndProject
Project("{9A19103F-16F7-4668-BE54-9A1E7A4F7556}") = "035 Eingabefilter", "035 Eingabefilter\035 Eingabefilter.csproj", "{38B07560-7C6E-4B9B-AA96-A690AD1FF0D3}"
EndProject
Project("{9A19103F-16F7-4668-BE54-9A1E7A4F7556}") = "036 Newtonverfahren", "036 Newtonverfahren\036 Newtonverfahren.csproj", "{4DDB04BD-5B1A-4ECD-9E85-033740543B5F}"
EndProject
Project("{9A19103F-16F7-4668-BE54-9A1E7A4F7556}") = "037 Zahlensystem", "037 Zahlensystem\037 Zahlensystem.csproj", "{5DDA4127-C969-4186-80E3-1B887146E321}"
EndProject
Project("{9A19103F-16F7-4668-BE54-9A1E7A4F7556}") = "038 Primfaktorzerlegung", "038 Primfaktorzerlegung\038 Primfaktorzerlegung.csproj", "{ED8DF0B9-5EAA-4041-A186-3D077328AD53}"
EndProject
Project("{9A19103F-16F7-4668-BE54-9A1E7A4F7556}") = "039 Gamblers Ruin", "039 Gamblers Ruin\039 Gamblers Ruin.csproj", "{6CCDE079-9DEE-41C7-B065-A550DDFAD9AF}"
EndProject
Project("{9A19103F-16F7-4668-BE54-9A1E7A4F7556}") = "040 Buchstabengenerator", "040 Buchstabengenerator\040 Buchstabengenerator.csproj", "{92087971-F2EC-4AA2-B7EB-82732F215FB0}"
EndProject
Project("{9A19103F-16F7-4668-BE54-9A1E7A4F7556}") = "041 Diamantenzeichner", "041 Diamantenzeichner\041 Diamantenzeichner.csproj", "{F5F00F8F-48AA-4823-BCDE-D3DCBA352B24}"
EndProject
Project("{9A19103F-16F7-4668-BE54-9A1E7A4F7556}") = "042 Temperaturstatistik", "042 Temperaturstatistik\042 Temperaturstatistik.csproj", "{306D11C5-CFD5-4F40-8456-951D3DCE7D26}"
EndProject
Project("{9A19103F-16F7-4668-BE54-9A1E7A4F7556}") = "043 Kubensumme", "043 Kubensumme\043 Kubensumme.csproj", "{36023814-73B8-4E0D-9D40-EA6F776701DE}"
EndProject
Project("{FAE04EC0-301F-11D3-BF4B-00C04F79EFBC}") = "044 Guthaben berechnen", "044 Guthaben berechnen\044 Guthaben berechnen.csproj", "{6E697130-E761-471E-B39A-6DD9066D6AC7}"
EndProject
Project("{FAE04EC0-301F-11D3-BF4B-00C04F79EFBC}") = "045 Umfang und Fläche berechnen", "045 Umfang und Fläche berechnen\045 Umfang und Fläche berechnen.csproj", "{E0158B92-5CC6-40E6-B34D-B6E44773E369}"
EndProject
Global
	GlobalSection(SolutionConfigurationPlatforms) = preSolution
		Debug|Any CPU = Debug|Any CPU
		Release|Any CPU = Release|Any CPU
	EndGlobalSection
	GlobalSection(ProjectConfigurationPlatforms) = postSolution
		{D2747007-F346-4BAE-94FE-A3B1EBB3228B}.Debug|Any CPU.ActiveCfg = Debug|Any CPU
		{D2747007-F346-4BAE-94FE-A3B1EBB3228B}.Debug|Any CPU.Build.0 = Debug|Any CPU
		{D2747007-F346-4BAE-94FE-A3B1EBB3228B}.Release|Any CPU.ActiveCfg = Release|Any CPU
		{D2747007-F346-4BAE-94FE-A3B1EBB3228B}.Release|Any CPU.Build.0 = Release|Any CPU
		{E1291BD2-9EA0-4F39-882E-7B8CCD422DD7}.Debug|Any CPU.ActiveCfg = Debug|Any CPU
		{E1291BD2-9EA0-4F39-882E-7B8CCD422DD7}.Debug|Any CPU.Build.0 = Debug|Any CPU
		{E1291BD2-9EA0-4F39-882E-7B8CCD422DD7}.Release|Any CPU.ActiveCfg = Release|Any CPU
		{E1291BD2-9EA0-4F39-882E-7B8CCD422DD7}.Release|Any CPU.Build.0 = Release|Any CPU
		{1CCD83E4-C514-489A-9168-E0C31DEEA8E8}.Debug|Any CPU.ActiveCfg = Debug|Any CPU
		{1CCD83E4-C514-489A-9168-E0C31DEEA8E8}.Debug|Any CPU.Build.0 = Debug|Any CPU
		{1CCD83E4-C514-489A-9168-E0C31DEEA8E8}.Release|Any CPU.ActiveCfg = Release|Any CPU
		{1CCD83E4-C514-489A-9168-E0C31DEEA8E8}.Release|Any CPU.Build.0 = Release|Any CPU
		{AA27EED9-1C63-4371-8398-C3331E27BB9B}.Debug|Any CPU.ActiveCfg = Debug|Any CPU
		{AA27EED9-1C63-4371-8398-C3331E27BB9B}.Debug|Any CPU.Build.0 = Debug|Any CPU
		{AA27EED9-1C63-4371-8398-C3331E27BB9B}.Release|Any CPU.ActiveCfg = Release|Any CPU
		{AA27EED9-1C63-4371-8398-C3331E27BB9B}.Release|Any CPU.Build.0 = Release|Any CPU
		{41A8FFB1-043C-4F28-A493-638951FC660C}.Debug|Any CPU.ActiveCfg = Debug|Any CPU
		{41A8FFB1-043C-4F28-A493-638951FC660C}.Debug|Any CPU.Build.0 = Debug|Any CPU
		{41A8FFB1-043C-4F28-A493-638951FC660C}.Release|Any CPU.ActiveCfg = Release|Any CPU
		{41A8FFB1-043C-4F28-A493-638951FC660C}.Release|Any CPU.Build.0 = Release|Any CPU
		{DC8703CA-B4AB-40F3-88D7-622DCBCB12BC}.Debug|Any CPU.ActiveCfg = Debug|Any CPU
		{DC8703CA-B4AB-40F3-88D7-622DCBCB12BC}.Debug|Any CPU.Build.0 = Debug|Any CPU
		{DC8703CA-B4AB-40F3-88D7-622DCBCB12BC}.Release|Any CPU.ActiveCfg = Release|Any CPU
		{DC8703CA-B4AB-40F3-88D7-622DCBCB12BC}.Release|Any CPU.Build.0 = Release|Any CPU
		{17B6395F-CBA5-42E8-8BE3-20A43FA90529}.Debug|Any CPU.ActiveCfg = Debug|Any CPU
		{17B6395F-CBA5-42E8-8BE3-20A43FA90529}.Debug|Any CPU.Build.0 = Debug|Any CPU
		{17B6395F-CBA5-42E8-8BE3-20A43FA90529}.Release|Any CPU.ActiveCfg = Release|Any CPU
		{17B6395F-CBA5-42E8-8BE3-20A43FA90529}.Release|Any CPU.Build.0 = Release|Any CPU
		{738DE0AB-11A5-44C7-86ED-679B7D5D2040}.Debug|Any CPU.ActiveCfg = Debug|Any CPU
		{738DE0AB-11A5-44C7-86ED-679B7D5D2040}.Debug|Any CPU.Build.0 = Debug|Any CPU
		{738DE0AB-11A5-44C7-86ED-679B7D5D2040}.Release|Any CPU.ActiveCfg = Release|Any CPU
		{738DE0AB-11A5-44C7-86ED-679B7D5D2040}.Release|Any CPU.Build.0 = Release|Any CPU
		{28910E50-D86B-4B52-9A6F-5A6A791CF849}.Debug|Any CPU.ActiveCfg = Debug|Any CPU
		{28910E50-D86B-4B52-9A6F-5A6A791CF849}.Debug|Any CPU.Build.0 = Debug|Any CPU
		{28910E50-D86B-4B52-9A6F-5A6A791CF849}.Release|Any CPU.ActiveCfg = Release|Any CPU
		{28910E50-D86B-4B52-9A6F-5A6A791CF849}.Release|Any CPU.Build.0 = Release|Any CPU
		{F2843D59-1B10-4EA0-8BC8-1F254D17513D}.Debug|Any CPU.ActiveCfg = Debug|Any CPU
		{F2843D59-1B10-4EA0-8BC8-1F254D17513D}.Debug|Any CPU.Build.0 = Debug|Any CPU
		{F2843D59-1B10-4EA0-8BC8-1F254D17513D}.Release|Any CPU.ActiveCfg = Release|Any CPU
		{F2843D59-1B10-4EA0-8BC8-1F254D17513D}.Release|Any CPU.Build.0 = Release|Any CPU
		{4DD1030B-8FF4-4A0A-B3C3-EF95DD408C16}.Debug|Any CPU.ActiveCfg = Debug|Any CPU
		{4DD1030B-8FF4-4A0A-B3C3-EF95DD408C16}.Debug|Any CPU.Build.0 = Debug|Any CPU
		{4DD1030B-8FF4-4A0A-B3C3-EF95DD408C16}.Release|Any CPU.ActiveCfg = Release|Any CPU
		{4DD1030B-8FF4-4A0A-B3C3-EF95DD408C16}.Release|Any CPU.Build.0 = Release|Any CPU
		{194D08FC-3BDE-40C9-8DE2-C3C8C7E8196D}.Debug|Any CPU.ActiveCfg = Debug|Any CPU
		{194D08FC-3BDE-40C9-8DE2-C3C8C7E8196D}.Debug|Any CPU.Build.0 = Debug|Any CPU
		{194D08FC-3BDE-40C9-8DE2-C3C8C7E8196D}.Release|Any CPU.ActiveCfg = Release|Any CPU
		{194D08FC-3BDE-40C9-8DE2-C3C8C7E8196D}.Release|Any CPU.Build.0 = Release|Any CPU
		{A4A85EE7-042C-497F-AE5A-0C9C2860078A}.Debug|Any CPU.ActiveCfg = Debug|Any CPU
		{A4A85EE7-042C-497F-AE5A-0C9C2860078A}.Debug|Any CPU.Build.0 = Debug|Any CPU
		{A4A85EE7-042C-497F-AE5A-0C9C2860078A}.Release|Any CPU.ActiveCfg = Release|Any CPU
		{A4A85EE7-042C-497F-AE5A-0C9C2860078A}.Release|Any CPU.Build.0 = Release|Any CPU
		{F142584F-9F36-4D6F-8594-B4F7DE1289CD}.Debug|Any CPU.ActiveCfg = Debug|Any CPU
		{F142584F-9F36-4D6F-8594-B4F7DE1289CD}.Debug|Any CPU.Build.0 = Debug|Any CPU
		{F142584F-9F36-4D6F-8594-B4F7DE1289CD}.Release|Any CPU.ActiveCfg = Release|Any CPU
		{F142584F-9F36-4D6F-8594-B4F7DE1289CD}.Release|Any CPU.Build.0 = Release|Any CPU
		{A126FA5E-9BBE-468E-846B-DB95D5771568}.Debug|Any CPU.ActiveCfg = Debug|Any CPU
		{A126FA5E-9BBE-468E-846B-DB95D5771568}.Debug|Any CPU.Build.0 = Debug|Any CPU
		{A126FA5E-9BBE-468E-846B-DB95D5771568}.Release|Any CPU.ActiveCfg = Release|Any CPU
		{A126FA5E-9BBE-468E-846B-DB95D5771568}.Release|Any CPU.Build.0 = Release|Any CPU
		{2FF8ECFA-5159-42E6-B77B-E47DE5016ED9}.Debug|Any CPU.ActiveCfg = Debug|Any CPU
		{2FF8ECFA-5159-42E6-B77B-E47DE5016ED9}.Debug|Any CPU.Build.0 = Debug|Any CPU
		{2FF8ECFA-5159-42E6-B77B-E47DE5016ED9}.Release|Any CPU.ActiveCfg = Release|Any CPU
		{2FF8ECFA-5159-42E6-B77B-E47DE5016ED9}.Release|Any CPU.Build.0 = Release|Any CPU
		{972DDACC-616D-4867-858E-D0AFE1B9B874}.Debug|Any CPU.ActiveCfg = Debug|Any CPU
		{972DDACC-616D-4867-858E-D0AFE1B9B874}.Debug|Any CPU.Build.0 = Debug|Any CPU
		{972DDACC-616D-4867-858E-D0AFE1B9B874}.Release|Any CPU.ActiveCfg = Release|Any CPU
		{972DDACC-616D-4867-858E-D0AFE1B9B874}.Release|Any CPU.Build.0 = Release|Any CPU
		{93963E91-B1BC-4606-8136-9B013BFCF29C}.Debug|Any CPU.ActiveCfg = Debug|Any CPU
		{93963E91-B1BC-4606-8136-9B013BFCF29C}.Debug|Any CPU.Build.0 = Debug|Any CPU
		{93963E91-B1BC-4606-8136-9B013BFCF29C}.Release|Any CPU.ActiveCfg = Release|Any CPU
		{93963E91-B1BC-4606-8136-9B013BFCF29C}.Release|Any CPU.Build.0 = Release|Any CPU
		{1756CCFE-2C98-48CD-9F52-6C5E7A4118E6}.Debug|Any CPU.ActiveCfg = Debug|Any CPU
		{1756CCFE-2C98-48CD-9F52-6C5E7A4118E6}.Debug|Any CPU.Build.0 = Debug|Any CPU
		{1756CCFE-2C98-48CD-9F52-6C5E7A4118E6}.Release|Any CPU.ActiveCfg = Release|Any CPU
		{1756CCFE-2C98-48CD-9F52-6C5E7A4118E6}.Release|Any CPU.Build.0 = Release|Any CPU
		{72B0FF76-6CB4-4B62-9429-F8CE48AC3E37}.Debug|Any CPU.ActiveCfg = Debug|Any CPU
		{72B0FF76-6CB4-4B62-9429-F8CE48AC3E37}.Debug|Any CPU.Build.0 = Debug|Any CPU
		{72B0FF76-6CB4-4B62-9429-F8CE48AC3E37}.Release|Any CPU.ActiveCfg = Release|Any CPU
		{72B0FF76-6CB4-4B62-9429-F8CE48AC3E37}.Release|Any CPU.Build.0 = Release|Any CPU
		{FE9FAD53-F2BF-4A9E-AA7E-DDDDC6638981}.Debug|Any CPU.ActiveCfg = Debug|Any CPU
		{FE9FAD53-F2BF-4A9E-AA7E-DDDDC6638981}.Debug|Any CPU.Build.0 = Debug|Any CPU
		{FE9FAD53-F2BF-4A9E-AA7E-DDDDC6638981}.Release|Any CPU.ActiveCfg = Release|Any CPU
		{FE9FAD53-F2BF-4A9E-AA7E-DDDDC6638981}.Release|Any CPU.Build.0 = Release|Any CPU
		{FF7CC90B-A7DC-424D-83D0-CD6244D21BFB}.Debug|Any CPU.ActiveCfg = Debug|Any CPU
		{FF7CC90B-A7DC-424D-83D0-CD6244D21BFB}.Debug|Any CPU.Build.0 = Debug|Any CPU
		{FF7CC90B-A7DC-424D-83D0-CD6244D21BFB}.Release|Any CPU.ActiveCfg = Release|Any CPU
		{FF7CC90B-A7DC-424D-83D0-CD6244D21BFB}.Release|Any CPU.Build.0 = Release|Any CPU
		{FA147E2F-D050-44EE-B206-A4A308C1CEE3}.Debug|Any CPU.ActiveCfg = Debug|Any CPU
		{FA147E2F-D050-44EE-B206-A4A308C1CEE3}.Debug|Any CPU.Build.0 = Debug|Any CPU
		{FA147E2F-D050-44EE-B206-A4A308C1CEE3}.Release|Any CPU.ActiveCfg = Release|Any CPU
		{FA147E2F-D050-44EE-B206-A4A308C1CEE3}.Release|Any CPU.Build.0 = Release|Any CPU
		{478A6F85-5A3F-434D-A43B-E7D1B9FE9882}.Debug|Any CPU.ActiveCfg = Debug|Any CPU
		{478A6F85-5A3F-434D-A43B-E7D1B9FE9882}.Debug|Any CPU.Build.0 = Debug|Any CPU
		{478A6F85-5A3F-434D-A43B-E7D1B9FE9882}.Release|Any CPU.ActiveCfg = Release|Any CPU
		{478A6F85-5A3F-434D-A43B-E7D1B9FE9882}.Release|Any CPU.Build.0 = Release|Any CPU
		{5588E014-AE98-4521-8A29-CD4CEF1D7829}.Debug|Any CPU.ActiveCfg = Debug|Any CPU
		{5588E014-AE98-4521-8A29-CD4CEF1D7829}.Debug|Any CPU.Build.0 = Debug|Any CPU
		{5588E014-AE98-4521-8A29-CD4CEF1D7829}.Release|Any CPU.ActiveCfg = Release|Any CPU
		{5588E014-AE98-4521-8A29-CD4CEF1D7829}.Release|Any CPU.Build.0 = Release|Any CPU
		{E6449E45-73B3-4DFC-9F5E-FD2A14D3A381}.Debug|Any CPU.ActiveCfg = Debug|Any CPU
		{E6449E45-73B3-4DFC-9F5E-FD2A14D3A381}.Debug|Any CPU.Build.0 = Debug|Any CPU
		{E6449E45-73B3-4DFC-9F5E-FD2A14D3A381}.Release|Any CPU.ActiveCfg = Release|Any CPU
		{E6449E45-73B3-4DFC-9F5E-FD2A14D3A381}.Release|Any CPU.Build.0 = Release|Any CPU
		{E5005996-5C66-462A-A08F-8F34F30084D7}.Debug|Any CPU.ActiveCfg = Debug|Any CPU
		{E5005996-5C66-462A-A08F-8F34F30084D7}.Debug|Any CPU.Build.0 = Debug|Any CPU
		{E5005996-5C66-462A-A08F-8F34F30084D7}.Release|Any CPU.ActiveCfg = Release|Any CPU
		{E5005996-5C66-462A-A08F-8F34F30084D7}.Release|Any CPU.Build.0 = Release|Any CPU
		{F1B35E3B-5E0C-42C9-B623-69EB1656D784}.Debug|Any CPU.ActiveCfg = Debug|Any CPU
		{F1B35E3B-5E0C-42C9-B623-69EB1656D784}.Debug|Any CPU.Build.0 = Debug|Any CPU
		{F1B35E3B-5E0C-42C9-B623-69EB1656D784}.Release|Any CPU.ActiveCfg = Release|Any CPU
		{F1B35E3B-5E0C-42C9-B623-69EB1656D784}.Release|Any CPU.Build.0 = Release|Any CPU
		{1C7A0F14-5735-42F9-BA37-417D5CCFF26F}.Debug|Any CPU.ActiveCfg = Debug|Any CPU
		{1C7A0F14-5735-42F9-BA37-417D5CCFF26F}.Debug|Any CPU.Build.0 = Debug|Any CPU
		{1C7A0F14-5735-42F9-BA37-417D5CCFF26F}.Release|Any CPU.ActiveCfg = Release|Any CPU
		{1C7A0F14-5735-42F9-BA37-417D5CCFF26F}.Release|Any CPU.Build.0 = Release|Any CPU
		{079996B6-9BF4-4553-A786-CD57B0BE0B68}.Debug|Any CPU.ActiveCfg = Debug|Any CPU
		{079996B6-9BF4-4553-A786-CD57B0BE0B68}.Debug|Any CPU.Build.0 = Debug|Any CPU
		{079996B6-9BF4-4553-A786-CD57B0BE0B68}.Release|Any CPU.ActiveCfg = Release|Any CPU
		{079996B6-9BF4-4553-A786-CD57B0BE0B68}.Release|Any CPU.Build.0 = Release|Any CPU
		{72A98E6F-06FA-4557-B178-DD2B8793F2F6}.Debug|Any CPU.ActiveCfg = Debug|Any CPU
		{72A98E6F-06FA-4557-B178-DD2B8793F2F6}.Debug|Any CPU.Build.0 = Debug|Any CPU
		{72A98E6F-06FA-4557-B178-DD2B8793F2F6}.Release|Any CPU.ActiveCfg = Release|Any CPU
		{72A98E6F-06FA-4557-B178-DD2B8793F2F6}.Release|Any CPU.Build.0 = Release|Any CPU
		{A3BBD8EA-93AF-4C48-8BA9-6F38AF2D7B30}.Debug|Any CPU.ActiveCfg = Debug|Any CPU
		{A3BBD8EA-93AF-4C48-8BA9-6F38AF2D7B30}.Debug|Any CPU.Build.0 = Debug|Any CPU
		{A3BBD8EA-93AF-4C48-8BA9-6F38AF2D7B30}.Release|Any CPU.ActiveCfg = Release|Any CPU
		{A3BBD8EA-93AF-4C48-8BA9-6F38AF2D7B30}.Release|Any CPU.Build.0 = Release|Any CPU
		{C474979C-B968-44F0-A105-CEB356588106}.Debug|Any CPU.ActiveCfg = Debug|Any CPU
		{C474979C-B968-44F0-A105-CEB356588106}.Debug|Any CPU.Build.0 = Debug|Any CPU
		{C474979C-B968-44F0-A105-CEB356588106}.Release|Any CPU.ActiveCfg = Release|Any CPU
		{C474979C-B968-44F0-A105-CEB356588106}.Release|Any CPU.Build.0 = Release|Any CPU
		{7D728E7E-C838-4FE4-8958-56AFED02278A}.Debug|Any CPU.ActiveCfg = Debug|Any CPU
		{7D728E7E-C838-4FE4-8958-56AFED02278A}.Debug|Any CPU.Build.0 = Debug|Any CPU
		{7D728E7E-C838-4FE4-8958-56AFED02278A}.Release|Any CPU.ActiveCfg = Release|Any CPU
		{7D728E7E-C838-4FE4-8958-56AFED02278A}.Release|Any CPU.Build.0 = Release|Any CPU
		{38B07560-7C6E-4B9B-AA96-A690AD1FF0D3}.Debug|Any CPU.ActiveCfg = Debug|Any CPU
		{38B07560-7C6E-4B9B-AA96-A690AD1FF0D3}.Debug|Any CPU.Build.0 = Debug|Any CPU
		{38B07560-7C6E-4B9B-AA96-A690AD1FF0D3}.Release|Any CPU.ActiveCfg = Release|Any CPU
		{38B07560-7C6E-4B9B-AA96-A690AD1FF0D3}.Release|Any CPU.Build.0 = Release|Any CPU
		{4DDB04BD-5B1A-4ECD-9E85-033740543B5F}.Debug|Any CPU.ActiveCfg = Debug|Any CPU
		{4DDB04BD-5B1A-4ECD-9E85-033740543B5F}.Debug|Any CPU.Build.0 = Debug|Any CPU
		{4DDB04BD-5B1A-4ECD-9E85-033740543B5F}.Release|Any CPU.ActiveCfg = Release|Any CPU
		{4DDB04BD-5B1A-4ECD-9E85-033740543B5F}.Release|Any CPU.Build.0 = Release|Any CPU
		{5DDA4127-C969-4186-80E3-1B887146E321}.Debug|Any CPU.ActiveCfg = Debug|Any CPU
		{5DDA4127-C969-4186-80E3-1B887146E321}.Debug|Any CPU.Build.0 = Debug|Any CPU
		{5DDA4127-C969-4186-80E3-1B887146E321}.Release|Any CPU.ActiveCfg = Release|Any CPU
		{5DDA4127-C969-4186-80E3-1B887146E321}.Release|Any CPU.Build.0 = Release|Any CPU
		{ED8DF0B9-5EAA-4041-A186-3D077328AD53}.Debug|Any CPU.ActiveCfg = Debug|Any CPU
		{ED8DF0B9-5EAA-4041-A186-3D077328AD53}.Debug|Any CPU.Build.0 = Debug|Any CPU
		{ED8DF0B9-5EAA-4041-A186-3D077328AD53}.Release|Any CPU.ActiveCfg = Release|Any CPU
		{ED8DF0B9-5EAA-4041-A186-3D077328AD53}.Release|Any CPU.Build.0 = Release|Any CPU
		{6CCDE079-9DEE-41C7-B065-A550DDFAD9AF}.Debug|Any CPU.ActiveCfg = Debug|Any CPU
		{6CCDE079-9DEE-41C7-B065-A550DDFAD9AF}.Debug|Any CPU.Build.0 = Debug|Any CPU
		{6CCDE079-9DEE-41C7-B065-A550DDFAD9AF}.Release|Any CPU.ActiveCfg = Release|Any CPU
		{6CCDE079-9DEE-41C7-B065-A550DDFAD9AF}.Release|Any CPU.Build.0 = Release|Any CPU
		{92087971-F2EC-4AA2-B7EB-82732F215FB0}.Debug|Any CPU.ActiveCfg = Debug|Any CPU
		{92087971-F2EC-4AA2-B7EB-82732F215FB0}.Debug|Any CPU.Build.0 = Debug|Any CPU
		{92087971-F2EC-4AA2-B7EB-82732F215FB0}.Release|Any CPU.ActiveCfg = Release|Any CPU
		{92087971-F2EC-4AA2-B7EB-82732F215FB0}.Release|Any CPU.Build.0 = Release|Any CPU
		{F5F00F8F-48AA-4823-BCDE-D3DCBA352B24}.Debug|Any CPU.ActiveCfg = Debug|Any CPU
		{F5F00F8F-48AA-4823-BCDE-D3DCBA352B24}.Debug|Any CPU.Build.0 = Debug|Any CPU
		{F5F00F8F-48AA-4823-BCDE-D3DCBA352B24}.Release|Any CPU.ActiveCfg = Release|Any CPU
		{F5F00F8F-48AA-4823-BCDE-D3DCBA352B24}.Release|Any CPU.Build.0 = Release|Any CPU
		{306D11C5-CFD5-4F40-8456-951D3DCE7D26}.Debug|Any CPU.ActiveCfg = Debug|Any CPU
		{306D11C5-CFD5-4F40-8456-951D3DCE7D26}.Debug|Any CPU.Build.0 = Debug|Any CPU
		{306D11C5-CFD5-4F40-8456-951D3DCE7D26}.Release|Any CPU.ActiveCfg = Release|Any CPU
		{306D11C5-CFD5-4F40-8456-951D3DCE7D26}.Release|Any CPU.Build.0 = Release|Any CPU
		{36023814-73B8-4E0D-9D40-EA6F776701DE}.Debug|Any CPU.ActiveCfg = Debug|Any CPU
		{36023814-73B8-4E0D-9D40-EA6F776701DE}.Debug|Any CPU.Build.0 = Debug|Any CPU
		{36023814-73B8-4E0D-9D40-EA6F776701DE}.Release|Any CPU.ActiveCfg = Release|Any CPU
		{36023814-73B8-4E0D-9D40-EA6F776701DE}.Release|Any CPU.Build.0 = Release|Any CPU
		{6E697130-E761-471E-B39A-6DD9066D6AC7}.Debug|Any CPU.ActiveCfg = Debug|Any CPU
		{6E697130-E761-471E-B39A-6DD9066D6AC7}.Debug|Any CPU.Build.0 = Debug|Any CPU
		{6E697130-E761-471E-B39A-6DD9066D6AC7}.Release|Any CPU.ActiveCfg = Release|Any CPU
		{6E697130-E761-471E-B39A-6DD9066D6AC7}.Release|Any CPU.Build.0 = Release|Any CPU
		{E0158B92-5CC6-40E6-B34D-B6E44773E369}.Debug|Any CPU.ActiveCfg = Debug|Any CPU
		{E0158B92-5CC6-40E6-B34D-B6E44773E369}.Debug|Any CPU.Build.0 = Debug|Any CPU
		{E0158B92-5CC6-40E6-B34D-B6E44773E369}.Release|Any CPU.ActiveCfg = Release|Any CPU
		{E0158B92-5CC6-40E6-B34D-B6E44773E369}.Release|Any CPU.Build.0 = Release|Any CPU
	EndGlobalSection
	GlobalSection(SolutionProperties) = preSolution
		HideSolutionNode = FALSE
	EndGlobalSection
	GlobalSection(ExtensibilityGlobals) = postSolution
		SolutionGuid = {070AEC99-FA60-4D4B-B188-7B2AFB6A5480}
	EndGlobalSection
EndGlobal
